// !$*UTF8*$!
{
	archiveVersion = 1;
	classes = {
	};
	objectVersion = 55;
	objects = {

/* Begin PBXBuildFile section */
		78B9459F285DC825008AC7C1 /* AppDelegate.swift in Sources */ = {isa = PBXBuildFile; fileRef = 78B9459E285DC825008AC7C1 /* AppDelegate.swift */; };
		78B945A1285DC825008AC7C1 /* SceneDelegate.swift in Sources */ = {isa = PBXBuildFile; fileRef = 78B945A0285DC825008AC7C1 /* SceneDelegate.swift */; };
		78B945A3285DC825008AC7C1 /* ViewController.swift in Sources */ = {isa = PBXBuildFile; fileRef = 78B945A2285DC825008AC7C1 /* ViewController.swift */; };
		78B945A6285DC825008AC7C1 /* Main.storyboard in Resources */ = {isa = PBXBuildFile; fileRef = 78B945A4285DC825008AC7C1 /* Main.storyboard */; };
		78B945A8285DC826008AC7C1 /* Assets.xcassets in Resources */ = {isa = PBXBuildFile; fileRef = 78B945A7285DC826008AC7C1 /* Assets.xcassets */; };
		78B945AB285DC826008AC7C1 /* LaunchScreen.storyboard in Resources */ = {isa = PBXBuildFile; fileRef = 78B945A9285DC826008AC7C1 /* LaunchScreen.storyboard */; };
		78B945B8285DCE16008AC7C1 /* APICaller.swift in Sources */ = {isa = PBXBuildFile; fileRef = 78B945B7285DCE16008AC7C1 /* APICaller.swift */; };
		78B945BA285DCE63008AC7C1 /* APIConstants.swift in Sources */ = {isa = PBXBuildFile; fileRef = 78B945B9285DCE63008AC7C1 /* APIConstants.swift */; };
		78B945BC285DDFB0008AC7C1 /* CryptoTableViewCell.swift in Sources */ = {isa = PBXBuildFile; fileRef = 78B945BB285DDFB0008AC7C1 /* CryptoTableViewCell.swift */; };
		78B945BE285DF55E008AC7C1 /* APIModel.swift in Sources */ = {isa = PBXBuildFile; fileRef = 78B945BD285DF55E008AC7C1 /* APIModel.swift */; };
		78B945C0285DF765008AC7C1 /* CryptoTableViewCellModelView.swift in Sources */ = {isa = PBXBuildFile; fileRef = 78B945BF285DF765008AC7C1 /* CryptoTableViewCellModelView.swift */; };
		78B945C4285DFAB2008AC7C1 /* UIView+Extension.swift in Sources */ = {isa = PBXBuildFile; fileRef = 78B945C3285DFAB2008AC7C1 /* UIView+Extension.swift */; };
		78B945C6285DFFB2008AC7C1 /* NumberFormatter+Extension.swift in Sources */ = {isa = PBXBuildFile; fileRef = 78B945C5285DFFB2008AC7C1 /* NumberFormatter+Extension.swift */; };
/* End PBXBuildFile section */

/* Begin PBXFileReference section */
		78B9459B285DC825008AC7C1 /* Crypto Tracker.app */ = {isa = PBXFileReference; explicitFileType = wrapper.application; includeInIndex = 0; path = "Crypto Tracker.app"; sourceTree = BUILT_PRODUCTS_DIR; };
		78B9459E285DC825008AC7C1 /* AppDelegate.swift */ = {isa = PBXFileReference; lastKnownFileType = sourcecode.swift; path = AppDelegate.swift; sourceTree = "<group>"; };
		78B945A0285DC825008AC7C1 /* SceneDelegate.swift */ = {isa = PBXFileReference; lastKnownFileType = sourcecode.swift; path = SceneDelegate.swift; sourceTree = "<group>"; };
		78B945A2285DC825008AC7C1 /* ViewController.swift */ = {isa = PBXFileReference; lastKnownFileType = sourcecode.swift; path = ViewController.swift; sourceTree = "<group>"; };
		78B945A5285DC825008AC7C1 /* Base */ = {isa = PBXFileReference; lastKnownFileType = file.storyboard; name = Base; path = Base.lproj/Main.storyboard; sourceTree = "<group>"; };
		78B945A7285DC826008AC7C1 /* Assets.xcassets */ = {isa = PBXFileReference; lastKnownFileType = folder.assetcatalog; path = Assets.xcassets; sourceTree = "<group>"; };
		78B945AA285DC826008AC7C1 /* Base */ = {isa = PBXFileReference; lastKnownFileType = file.storyboard; name = Base; path = Base.lproj/LaunchScreen.storyboard; sourceTree = "<group>"; };
		78B945AC285DC826008AC7C1 /* Info.plist */ = {isa = PBXFileReference; lastKnownFileType = text.plist.xml; path = Info.plist; sourceTree = "<group>"; };
		78B945B7285DCE16008AC7C1 /* APICaller.swift */ = {isa = PBXFileReference; lastKnownFileType = sourcecode.swift; path = APICaller.swift; sourceTree = "<group>"; };
		78B945B9285DCE63008AC7C1 /* APIConstants.swift */ = {isa = PBXFileReference; lastKnownFileType = sourcecode.swift; path = APIConstants.swift; sourceTree = "<group>"; };
		78B945BB285DDFB0008AC7C1 /* CryptoTableViewCell.swift */ = {isa = PBXFileReference; lastKnownFileType = sourcecode.swift; path = CryptoTableViewCell.swift; sourceTree = "<group>"; };
		78B945BD285DF55E008AC7C1 /* APIModel.swift */ = {isa = PBXFileReference; lastKnownFileType = sourcecode.swift; path = APIModel.swift; sourceTree = "<group>"; };
		78B945BF285DF765008AC7C1 /* CryptoTableViewCellModelView.swift */ = {isa = PBXFileReference; lastKnownFileType = sourcecode.swift; path = CryptoTableViewCellModelView.swift; sourceTree = "<group>"; };
		78B945C3285DFAB2008AC7C1 /* UIView+Extension.swift */ = {isa = PBXFileReference; lastKnownFileType = sourcecode.swift; path = "UIView+Extension.swift"; sourceTree = "<group>"; };
		78B945C5285DFFB2008AC7C1 /* NumberFormatter+Extension.swift */ = {isa = PBXFileReference; lastKnownFileType = sourcecode.swift; path = "NumberFormatter+Extension.swift"; sourceTree = "<group>"; };
/* End PBXFileReference section */

/* Begin PBXFrameworksBuildPhase section */
		78B94598285DC825008AC7C1 /* Frameworks */ = {
			isa = PBXFrameworksBuildPhase;
			buildActionMask = 2147483647;
			files = (
			);
			runOnlyForDeploymentPostprocessing = 0;
		};
/* End PBXFrameworksBuildPhase section */

/* Begin PBXGroup section */
		78B94592285DC825008AC7C1 = {
			isa = PBXGroup;
			children = (
				78B9459D285DC825008AC7C1 /* Crypto Tracker */,
				78B9459C285DC825008AC7C1 /* Products */,
			);
			sourceTree = "<group>";
		};
		78B9459C285DC825008AC7C1 /* Products */ = {
			isa = PBXGroup;
			children = (
				78B9459B285DC825008AC7C1 /* Crypto Tracker.app */,
			);
			name = Products;
			sourceTree = "<group>";
		};
		78B9459D285DC825008AC7C1 /* Crypto Tracker */ = {
			isa = PBXGroup;
			children = (
				78B945C2285DFA99008AC7C1 /* Extensions */,
				78B945B2285DCD3C008AC7C1 /* Resources */,
				78B945B3285DCD47008AC7C1 /* Models */,
				78B945B4285DCD51008AC7C1 /* Views */,
				78B945B5285DCD58008AC7C1 /* ViewModels */,
				78B945C1285DF7B3008AC7C1 /* Controllers */,
				78B945A4285DC825008AC7C1 /* Main.storyboard */,
				78B945A7285DC826008AC7C1 /* Assets.xcassets */,
				78B945A9285DC826008AC7C1 /* LaunchScreen.storyboard */,
				78B945AC285DC826008AC7C1 /* Info.plist */,
			);
			path = "Crypto Tracker";
			sourceTree = "<group>";
		};
		78B945B2285DCD3C008AC7C1 /* Resources */ = {
			isa = PBXGroup;
			children = (
				78B9459E285DC825008AC7C1 /* AppDelegate.swift */,
				78B945A0285DC825008AC7C1 /* SceneDelegate.swift */,
			);
			path = Resources;
			sourceTree = "<group>";
		};
		78B945B3285DCD47008AC7C1 /* Models */ = {
			isa = PBXGroup;
			children = (
				78B945B9285DCE63008AC7C1 /* APIConstants.swift */,
				78B945B7285DCE16008AC7C1 /* APICaller.swift */,
				78B945BD285DF55E008AC7C1 /* APIModel.swift */,
			);
			path = Models;
			sourceTree = "<group>";
		};
		78B945B4285DCD51008AC7C1 /* Views */ = {
			isa = PBXGroup;
			children = (
				78B945BB285DDFB0008AC7C1 /* CryptoTableViewCell.swift */,
			);
			path = Views;
			sourceTree = "<group>";
		};
		78B945B5285DCD58008AC7C1 /* ViewModels */ = {
			isa = PBXGroup;
			children = (
				78B945BF285DF765008AC7C1 /* CryptoTableViewCellModelView.swift */,
			);
			path = ViewModels;
			sourceTree = "<group>";
		};
		78B945C1285DF7B3008AC7C1 /* Controllers */ = {
			isa = PBXGroup;
			children = (
				78B945A2285DC825008AC7C1 /* ViewController.swift */,
			);
			path = Controllers;
			sourceTree = "<group>";
		};
		78B945C2285DFA99008AC7C1 /* Extensions */ = {
			isa = PBXGroup;
			children = (
				78B945C3285DFAB2008AC7C1 /* UIView+Extension.swift */,
				78B945C5285DFFB2008AC7C1 /* NumberFormatter+Extension.swift */,
			);
			path = Extensions;
			sourceTree = "<group>";
		};
/* End PBXGroup section */

/* Begin PBXNativeTarget section */
		78B9459A285DC825008AC7C1 /* Crypto Tracker */ = {
			isa = PBXNativeTarget;
			buildConfigurationList = 78B945AF285DC826008AC7C1 /* Build configuration list for PBXNativeTarget "Crypto Tracker" */;
			buildPhases = (
				78B94597285DC825008AC7C1 /* Sources */,
				78B94598285DC825008AC7C1 /* Frameworks */,
				78B94599285DC825008AC7C1 /* Resources */,
			);
			buildRules = (
			);
			dependencies = (
			);
			name = "Crypto Tracker";
			productName = "Crypto Tracker";
			productReference = 78B9459B285DC825008AC7C1 /* Crypto Tracker.app */;
			productType = "com.apple.product-type.application";
		};
/* End PBXNativeTarget section */

/* Begin PBXProject section */
		78B94593285DC825008AC7C1 /* Project object */ = {
			isa = PBXProject;
			attributes = {
				BuildIndependentTargetsInParallel = 1;
				LastSwiftUpdateCheck = 1340;
				LastUpgradeCheck = 1340;
				TargetAttributes = {
					78B9459A285DC825008AC7C1 = {
						CreatedOnToolsVersion = 13.4.1;
					};
				};
			};
			buildConfigurationList = 78B94596285DC825008AC7C1 /* Build configuration list for PBXProject "Crypto Tracker" */;
			compatibilityVersion = "Xcode 13.0";
			developmentRegion = en;
			hasScannedForEncodings = 0;
			knownRegions = (
				en,
				Base,
			);
			mainGroup = 78B94592285DC825008AC7C1;
			productRefGroup = 78B9459C285DC825008AC7C1 /* Products */;
			projectDirPath = "";
			projectRoot = "";
			targets = (
				78B9459A285DC825008AC7C1 /* Crypto Tracker */,
			);
		};
/* End PBXProject section */

/* Begin PBXResourcesBuildPhase section */
		78B94599285DC825008AC7C1 /* Resources */ = {
			isa = PBXResourcesBuildPhase;
			buildActionMask = 2147483647;
			files = (
				78B945AB285DC826008AC7C1 /* LaunchScreen.storyboard in Resources */,
				78B945A8285DC826008AC7C1 /* Assets.xcassets in Resources */,
				78B945A6285DC825008AC7C1 /* Main.storyboard in Resources */,
			);
			runOnlyForDeploymentPostprocessing = 0;
		};
/* End PBXResourcesBuildPhase section */

/* Begin PBXSourcesBuildPhase section */
		78B94597285DC825008AC7C1 /* Sources */ = {
			isa = PBXSourcesBuildPhase;
			buildActionMask = 2147483647;
			files = (
				78B945BE285DF55E008AC7C1 /* APIModel.swift in Sources */,
				78B945C0285DF765008AC7C1 /* CryptoTableViewCellModelView.swift in Sources */,
				78B945A3285DC825008AC7C1 /* ViewController.swift in Sources */,
				78B945C6285DFFB2008AC7C1 /* NumberFormatter+Extension.swift in Sources */,
				78B945C4285DFAB2008AC7C1 /* UIView+Extension.swift in Sources */,
				78B945BA285DCE63008AC7C1 /* APIConstants.swift in Sources */,
				78B945BC285DDFB0008AC7C1 /* CryptoTableViewCell.swift in Sources */,
				78B9459F285DC825008AC7C1 /* AppDelegate.swift in Sources */,
				78B945B8285DCE16008AC7C1 /* APICaller.swift in Sources */,
				78B945A1285DC825008AC7C1 /* SceneDelegate.swift in Sources */,
			);
			runOnlyForDeploymentPostprocessing = 0;
		};
/* End PBXSourcesBuildPhase section */

/* Begin PBXVariantGroup section */
		78B945A4285DC825008AC7C1 /* Main.storyboard */ = {
			isa = PBXVariantGroup;
			children = (
				78B945A5285DC825008AC7C1 /* Base */,
			);
			name = Main.storyboard;
			sourceTree = "<group>";
		};
		78B945A9285DC826008AC7C1 /* LaunchScreen.storyboard */ = {
			isa = PBXVariantGroup;
			children = (
				78B945AA285DC826008AC7C1 /* Base */,
			);
			name = LaunchScreen.storyboard;
			sourceTree = "<group>";
		};
/* End PBXVariantGroup section */

/* Begin XCBuildConfiguration section */
		78B945AD285DC826008AC7C1 /* Debug */ = {
			isa = XCBuildConfiguration;
			buildSettings = {
				ALWAYS_SEARCH_USER_PATHS = NO;
				CLANG_ANALYZER_NONNULL = YES;
				CLANG_ANALYZER_NUMBER_OBJECT_CONVERSION = YES_AGGRESSIVE;
				CLANG_CXX_LANGUAGE_STANDARD = "gnu++17";
				CLANG_ENABLE_MODULES = YES;
				CLANG_ENABLE_OBJC_ARC = YES;
				CLANG_ENABLE_OBJC_WEAK = YES;
				CLANG_WARN_BLOCK_CAPTURE_AUTORELEASING = YES;
				CLANG_WARN_BOOL_CONVERSION = YES;
				CLANG_WARN_COMMA = YES;
				CLANG_WARN_CONSTANT_CONVERSION = YES;
				CLANG_WARN_DEPRECATED_OBJC_IMPLEMENTATIONS = YES;
				CLANG_WARN_DIRECT_OBJC_ISA_USAGE = YES_ERROR;
				CLANG_WARN_DOCUMENTATION_COMMENTS = YES;
				CLANG_WARN_EMPTY_BODY = YES;
				CLANG_WARN_ENUM_CONVERSION = YES;
				CLANG_WARN_INFINITE_RECURSION = YES;
				CLANG_WARN_INT_CONVERSION = YES;
				CLANG_WARN_NON_LITERAL_NULL_CONVERSION = YES;
				CLANG_WARN_OBJC_IMPLICIT_RETAIN_SELF = YES;
				CLANG_WARN_OBJC_LITERAL_CONVERSION = YES;
				CLANG_WARN_OBJC_ROOT_CLASS = YES_ERROR;
				CLANG_WARN_QUOTED_INCLUDE_IN_FRAMEWORK_HEADER = YES;
				CLANG_WARN_RANGE_LOOP_ANALYSIS = YES;
				CLANG_WARN_STRICT_PROTOTYPES = YES;
				CLANG_WARN_SUSPICIOUS_MOVE = YES;
				CLANG_WARN_UNGUARDED_AVAILABILITY = YES_AGGRESSIVE;
				CLANG_WARN_UNREACHABLE_CODE = YES;
				CLANG_WARN__DUPLICATE_METHOD_MATCH = YES;
				COPY_PHASE_STRIP = NO;
				DEBUG_INFORMATION_FORMAT = dwarf;
				ENABLE_STRICT_OBJC_MSGSEND = YES;
				ENABLE_TESTABILITY = YES;
				GCC_C_LANGUAGE_STANDARD = gnu11;
				GCC_DYNAMIC_NO_PIC = NO;
				GCC_NO_COMMON_BLOCKS = YES;
				GCC_OPTIMIZATION_LEVEL = 0;
				GCC_PREPROCESSOR_DEFINITIONS = (
					"DEBUG=1",
					"$(inherited)",
				);
				GCC_WARN_64_TO_32_BIT_CONVERSION = YES;
				GCC_WARN_ABOUT_RETURN_TYPE = YES_ERROR;
				GCC_WARN_UNDECLARED_SELECTOR = YES;
				GCC_WARN_UNINITIALIZED_AUTOS = YES_AGGRESSIVE;
				GCC_WARN_UNUSED_FUNCTION = YES;
				GCC_WARN_UNUSED_VARIABLE = YES;
				IPHONEOS_DEPLOYMENT_TARGET = 15.5;
				MTL_ENABLE_DEBUG_INFO = INCLUDE_SOURCE;
				MTL_FAST_MATH = YES;
				ONLY_ACTIVE_ARCH = YES;
				SDKROOT = iphoneos;
				SWIFT_ACTIVE_COMPILATION_CONDITIONS = DEBUG;
				SWIFT_OPTIMIZATION_LEVEL = "-Onone";
			};
			name = Debug;
		};
		78B945AE285DC826008AC7C1 /* Release */ = {
			isa = XCBuildConfiguration;
			buildSettings = {
				ALWAYS_SEARCH_USER_PATHS = NO;
				CLANG_ANALYZER_NONNULL = YES;
				CLANG_ANALYZER_NUMBER_OBJECT_CONVERSION = YES_AGGRESSIVE;
				CLANG_CXX_LANGUAGE_STANDARD = "gnu++17";
				CLANG_ENABLE_MODULES = YES;
				CLANG_ENABLE_OBJC_ARC = YES;
				CLANG_ENABLE_OBJC_WEAK = YES;
				CLANG_WARN_BLOCK_CAPTURE_AUTORELEASING = YES;
				CLANG_WARN_BOOL_CONVERSION = YES;
				CLANG_WARN_COMMA = YES;
				CLANG_WARN_CONSTANT_CONVERSION = YES;
				CLANG_WARN_DEPRECATED_OBJC_IMPLEMENTATIONS = YES;
				CLANG_WARN_DIRECT_OBJC_ISA_USAGE = YES_ERROR;
				CLANG_WARN_DOCUMENTATION_COMMENTS = YES;
				CLANG_WARN_EMPTY_BODY = YES;
				CLANG_WARN_ENUM_CONVERSION = YES;
				CLANG_WARN_INFINITE_RECURSION = YES;
				CLANG_WARN_INT_CONVERSION = YES;
				CLANG_WARN_NON_LITERAL_NULL_CONVERSION = YES;
				CLANG_WARN_OBJC_IMPLICIT_RETAIN_SELF = YES;
				CLANG_WARN_OBJC_LITERAL_CONVERSION = YES;
				CLANG_WARN_OBJC_ROOT_CLASS = YES_ERROR;
				CLANG_WARN_QUOTED_INCLUDE_IN_FRAMEWORK_HEADER = YES;
				CLANG_WARN_RANGE_LOOP_ANALYSIS = YES;
				CLANG_WARN_STRICT_PROTOTYPES = YES;
				CLANG_WARN_SUSPICIOUS_MOVE = YES;
				CLANG_WARN_UNGUARDED_AVAILABILITY = YES_AGGRESSIVE;
				CLANG_WARN_UNREACHABLE_CODE = YES;
				CLANG_WARN__DUPLICATE_METHOD_MATCH = YES;
				COPY_PHASE_STRIP = NO;
				DEBUG_INFORMATION_FORMAT = "dwarf-with-dsym";
				ENABLE_NS_ASSERTIONS = NO;
				ENABLE_STRICT_OBJC_MSGSEND = YES;
				GCC_C_LANGUAGE_STANDARD = gnu11;
				GCC_NO_COMMON_BLOCKS = YES;
				GCC_WARN_64_TO_32_BIT_CONVERSION = YES;
				GCC_WARN_ABOUT_RETURN_TYPE = YES_ERROR;
				GCC_WARN_UNDECLARED_SELECTOR = YES;
				GCC_WARN_UNINITIALIZED_AUTOS = YES_AGGRESSIVE;
				GCC_WARN_UNUSED_FUNCTION = YES;
				GCC_WARN_UNUSED_VARIABLE = YES;
				IPHONEOS_DEPLOYMENT_TARGET = 15.5;
				MTL_ENABLE_DEBUG_INFO = NO;
				MTL_FAST_MATH = YES;
				SDKROOT = iphoneos;
				SWIFT_COMPILATION_MODE = wholemodule;
				SWIFT_OPTIMIZATION_LEVEL = "-O";
				VALIDATE_PRODUCT = YES;
			};
			name = Release;
		};
		78B945B0285DC826008AC7C1 /* Debug */ = {
			isa = XCBuildConfiguration;
			buildSettings = {
				ASSETCATALOG_COMPILER_APPICON_NAME = AppIcon;
				ASSETCATALOG_COMPILER_GLOBAL_ACCENT_COLOR_NAME = AccentColor;
				CODE_SIGN_STYLE = Automatic;
				CURRENT_PROJECT_VERSION = 1;
				DEVELOPMENT_TEAM = 2B5A97LZH4;
				GENERATE_INFOPLIST_FILE = YES;
				INFOPLIST_FILE = "Crypto Tracker/Info.plist";
				INFOPLIST_KEY_UIApplicationSupportsIndirectInputEvents = YES;
				INFOPLIST_KEY_UILaunchStoryboardName = LaunchScreen;
				INFOPLIST_KEY_UIMainStoryboardFile = Main;
				INFOPLIST_KEY_UISupportedInterfaceOrientations_iPad = "UIInterfaceOrientationPortrait UIInterfaceOrientationPortraitUpsideDown UIInterfaceOrientationLandscapeLeft UIInterfaceOrientationLandscapeRight";
				INFOPLIST_KEY_UISupportedInterfaceOrientations_iPhone = "UIInterfaceOrientationPortrait UIInterfaceOrientationLandscapeLeft UIInterfaceOrientationLandscapeRight";
				LD_RUNPATH_SEARCH_PATHS = (
					"$(inherited)",
					"@executable_path/Frameworks",
				);
				MARKETING_VERSION = 1.0;
				PRODUCT_BUNDLE_IDENTIFIER = "willy.sideProject.Crypto-Tracker";
				PRODUCT_NAME = "$(TARGET_NAME)";
				SWIFT_EMIT_LOC_STRINGS = YES;
				SWIFT_VERSION = 5.0;
				TARGETED_DEVICE_FAMILY = "1,2";
			};
			name = Debug;
		};
		78B945B1285DC826008AC7C1 /* Release */ = {
			isa = XCBuildConfiguration;
			buildSettings = {
				ASSETCATALOG_COMPILER_APPICON_NAME = AppIcon;
				ASSETCATALOG_COMPILER_GLOBAL_ACCENT_COLOR_NAME = AccentColor;
				CODE_SIGN_STYLE = Automatic;
				CURRENT_PROJECT_VERSION = 1;
				DEVELOPMENT_TEAM = 2B5A97LZH4;
				GENERATE_INFOPLIST_FILE = YES;
				INFOPLIST_FILE = "Crypto Tracker/Info.plist";
				INFOPLIST_KEY_UIApplicationSupportsIndirectInputEvents = YES;
				INFOPLIST_KEY_UILaunchStoryboardName = LaunchScreen;
				INFOPLIST_KEY_UIMainStoryboardFile = Main;
				INFOPLIST_KEY_UISupportedInterfaceOrientations_iPad = "UIInterfaceOrientationPortrait UIInterfaceOrientationPortraitUpsideDown UIInterfaceOrientationLandscapeLeft UIInterfaceOrientationLandscapeRight";
				INFOPLIST_KEY_UISupportedInterfaceOrientations_iPhone = "UIInterfaceOrientationPortrait UIInterfaceOrientationLandscapeLeft UIInterfaceOrientationLandscapeRight";
				LD_RUNPATH_SEARCH_PATHS = (
					"$(inherited)",
					"@executable_path/Frameworks",
				);
				MARKETING_VERSION = 1.0;
				PRODUCT_BUNDLE_IDENTIFIER = "willy.sideProject.Crypto-Tracker";
				PRODUCT_NAME = "$(TARGET_NAME)";
				SWIFT_EMIT_LOC_STRINGS = YES;
				SWIFT_VERSION = 5.0;
				TARGETED_DEVICE_FAMILY = "1,2";
			};
			name = Release;
		};
/* End XCBuildConfiguration section */

/* Begin XCConfigurationList section */
		78B94596285DC825008AC7C1 /* Build configuration list for PBXProject "Crypto Tracker" */ = {
			isa = XCConfigurationList;
			buildConfigurations = (
				78B945AD285DC826008AC7C1 /* Debug */,
				78B945AE285DC826008AC7C1 /* Release */,
			);
			defaultConfigurationIsVisible = 0;
			defaultConfigurationName = Release;
		};
		78B945AF285DC826008AC7C1 /* Build configuration list for PBXNativeTarget "Crypto Tracker" */ = {
			isa = XCConfigurationList;
			buildConfigurations = (
				78B945B0285DC826008AC7C1 /* Debug */,
				78B945B1285DC826008AC7C1 /* Release */,
			);
			defaultConfigurationIsVisible = 0;
			defaultConfigurationName = Release;
		};
/* End XCConfigurationList section */
	};
	rootObject = 78B94593285DC825008AC7C1 /* Project object */;
}
